
Microsoft Visual Studio Solution File, Format Version 12.00
# Visual Studio Version 16
VisualStudioVersion = 16.0.30907.101
MinimumVisualStudioVersion = 10.0.40219.1
Project("{FAE04EC0-301F-11D3-BF4B-00C04F79EFBC}") = "HW_13", "HW_13\HW_13.csproj", "{A61E8C6D-BFA8-4E2D-A86B-0732943D5156}"
EndProject
Global
	GlobalSection(SolutionConfigurationPlatforms) = preSolution
		Debug|Any CPU = Debug|Any CPU
		Release|Any CPU = Release|Any CPU
	EndGlobalSection
	GlobalSection(ProjectConfigurationPlatforms) = postSolution
		{A61E8C6D-BFA8-4E2D-A86B-0732943D5156}.Debug|Any CPU.ActiveCfg = Debug|Any CPU
		{A61E8C6D-BFA8-4E2D-A86B-0732943D5156}.Debug|Any CPU.Build.0 = Debug|Any CPU
		{A61E8C6D-BFA8-4E2D-A86B-0732943D5156}.Release|Any CPU.ActiveCfg = Release|Any CPU
		{A61E8C6D-BFA8-4E2D-A86B-0732943D5156}.Release|Any CPU.Build.0 = Release|Any CPU
	EndGlobalSection
	GlobalSection(SolutionProperties) = preSolution
		HideSolutionNode = FALSE
	EndGlobalSection
	GlobalSection(ExtensibilityGlobals) = postSolution
		SolutionGuid = {B381B57D-5B3A-4FA7-95CC-408C98328EB9}
	EndGlobalSection
EndGlobal
